
Microsoft Visual Studio Solution File, Format Version 12.00
# Visual Studio Version 17
VisualStudioVersion = 17.3.32819.101
MinimumVisualStudioVersion = 10.0.40219.1
Project("{9A19103F-16F7-4668-BE54-9A1E7A4F7556}") = "1Ejercicio", "1Ejercicio\1Ejercicio.csproj", "{00499039-9013-47E4-BF21-B303F52E10F8}"
EndProject
Project("{9A19103F-16F7-4668-BE54-9A1E7A4F7556}") = "Unidad2", "Unidad2\Unidad2.csproj", "{95E03EC2-6334-4586-80C5-003E484B499B}"
EndProject
Project("{9A19103F-16F7-4668-BE54-9A1E7A4F7556}") = "Unidad3", "Unidad3\Unidad3.csproj", "{D1B4C3EC-3C8F-4036-9316-AC9F624AD7CF}"
EndProject
Project("{FAE04EC0-301F-11D3-BF4B-00C04F79EFBC}") = "Unidad4", "Unidad4\Unidad4.csproj", "{FFC0D5AC-7722-4C7C-9F0A-672B600E0A09}"
EndProject
Global
	GlobalSection(SolutionConfigurationPlatforms) = preSolution
		Debug|Any CPU = Debug|Any CPU
		Release|Any CPU = Release|Any CPU
	EndGlobalSection
	GlobalSection(ProjectConfigurationPlatforms) = postSolution
		{00499039-9013-47E4-BF21-B303F52E10F8}.Debug|Any CPU.ActiveCfg = Debug|Any CPU
		{00499039-9013-47E4-BF21-B303F52E10F8}.Debug|Any CPU.Build.0 = Debug|Any CPU
		{00499039-9013-47E4-BF21-B303F52E10F8}.Release|Any CPU.ActiveCfg = Release|Any CPU
		{00499039-9013-47E4-BF21-B303F52E10F8}.Release|Any CPU.Build.0 = Release|Any CPU
		{95E03EC2-6334-4586-80C5-003E484B499B}.Debug|Any CPU.ActiveCfg = Debug|Any CPU
		{95E03EC2-6334-4586-80C5-003E484B499B}.Debug|Any CPU.Build.0 = Debug|Any CPU
		{95E03EC2-6334-4586-80C5-003E484B499B}.Release|Any CPU.ActiveCfg = Release|Any CPU
		{95E03EC2-6334-4586-80C5-003E484B499B}.Release|Any CPU.Build.0 = Release|Any CPU
		{D1B4C3EC-3C8F-4036-9316-AC9F624AD7CF}.Debug|Any CPU.ActiveCfg = Debug|Any CPU
		{D1B4C3EC-3C8F-4036-9316-AC9F624AD7CF}.Debug|Any CPU.Build.0 = Debug|Any CPU
		{D1B4C3EC-3C8F-4036-9316-AC9F624AD7CF}.Release|Any CPU.ActiveCfg = Release|Any CPU
		{D1B4C3EC-3C8F-4036-9316-AC9F624AD7CF}.Release|Any CPU.Build.0 = Release|Any CPU
		{FFC0D5AC-7722-4C7C-9F0A-672B600E0A09}.Debug|Any CPU.ActiveCfg = Debug|Any CPU
		{FFC0D5AC-7722-4C7C-9F0A-672B600E0A09}.Debug|Any CPU.Build.0 = Debug|Any CPU
		{FFC0D5AC-7722-4C7C-9F0A-672B600E0A09}.Release|Any CPU.ActiveCfg = Release|Any CPU
		{FFC0D5AC-7722-4C7C-9F0A-672B600E0A09}.Release|Any CPU.Build.0 = Release|Any CPU
	EndGlobalSection
	GlobalSection(SolutionProperties) = preSolution
		HideSolutionNode = FALSE
	EndGlobalSection
	GlobalSection(ExtensibilityGlobals) = postSolution
		SolutionGuid = {4800CCDB-E74F-470A-9D2C-AACC6D8E66FE}
	EndGlobalSection
EndGlobal
